
Microsoft Visual Studio Solution File, Format Version 12.00
# Visual Studio 15
VisualStudioVersion = 15.0.27703.2026
MinimumVisualStudioVersion = 10.0.40219.1
Project("{FAE04EC0-301F-11D3-BF4B-00C04F79EFBC}") = "Roulette", "Roulette\Roulette.csproj", "{22977704-2094-4BC1-9723-37BEB48375B5}"
EndProject
Global
	GlobalSection(SolutionConfigurationPlatforms) = preSolution
		Debug|Any CPU = Debug|Any CPU
		Release|Any CPU = Release|Any CPU
	EndGlobalSection
	GlobalSection(ProjectConfigurationPlatforms) = postSolution
		{22977704-2094-4BC1-9723-37BEB48375B5}.Debug|Any CPU.ActiveCfg = Debug|Any CPU
		{22977704-2094-4BC1-9723-37BEB48375B5}.Debug|Any CPU.Build.0 = Debug|Any CPU
		{22977704-2094-4BC1-9723-37BEB48375B5}.Release|Any CPU.ActiveCfg = Release|Any CPU
		{22977704-2094-4BC1-9723-37BEB48375B5}.Release|Any CPU.Build.0 = Release|Any CPU
	EndGlobalSection
	GlobalSection(SolutionProperties) = preSolution
		HideSolutionNode = FALSE
	EndGlobalSection
	GlobalSection(ExtensibilityGlobals) = postSolution
		SolutionGuid = {6405D68E-DF86-4A17-A695-623B67A8B682}
	EndGlobalSection
EndGlobal
